<?xml version="1.0" encoding="UTF-8" standalone="yes" ?>
<CodeBlocks_project_file>
	<FileVersion major="1" minor="6" />
	<Project>
		<Option title="GameOfLife_SDL2" />
		<Option pch_mode="2" />
		<Option compiler="gcc" />
		<Build>
			<Target title="Debug">
				<Option output="bin/Debug/GameOfLife_SDL2" prefix_auto="1" extension_auto="1" />
				<Option object_output="obj/Debug/" />
				<Option type="1" />
				<Option compiler="gcc" />
				<Compiler>
					<Add option="-g" />
				</Compiler>
			</Target>
			<Target title="Release">
				<Option output="bin/Release/GameOfLife_SDL2" prefix_auto="1" extension_auto="1" />
				<Option object_output="obj/Release/" />
				<Option type="0" />
				<Option compiler="gcc" />
				<Compiler>
					<Add option="-O2" />
				</Compiler>
				<Linker>
					<Add option="-s" />
				</Linker>
			</Target>
		</Build>
		<Compiler>
			<Add option="-Wextra" />
			<Add option="-Wall" />
			<Add directory="../sdl2/include/SDL2" />
		</Compiler>
		<Linker>
			<Add option="-lmingw32 -lSDL2main -lSDL2 -lSDL2_image -lSDL2_ttf" />
			<Add directory="../sdl2/lib" />
		</Linker>
		<Unit filename="debugmalloc.c">
			<Option compilerVar="CC" />
		</Unit>
		<Unit filename="debugmalloc.h" />
		<Unit filename="gol_grid.c">
			<Option compilerVar="CC" />
		</Unit>
		<Unit filename="gol_grid.h" />
		<Unit filename="gol_main.c">
			<Option compilerVar="CC" />
		</Unit>
		<Unit filename="gol_main.h" />
		<Unit filename="gol_menu.c">
			<Option compilerVar="CC" />
		</Unit>
		<Unit filename="gol_menu.h" />
		<Unit filename="main.c">
			<Option compilerVar="CC" />
		</Unit>
		<Extensions>
			<code_completion />
			<envvars />
			<debugger />
			<DoxyBlocks>
				<comment_style block="0" line="0" />
				<doxyfile_project output_language="Hungarian" />
				<doxyfile_build extract_all="1" extract_static="1" />
				<doxyfile_warnings />
				<doxyfile_output />
				<doxyfile_dot />
				<general />
			</DoxyBlocks>
		</Extensions>
	</Project>
</CodeBlocks_project_file>
